// !$*UTF8*$!
{
	archiveVersion = 1;
	classes = {
	};
	objectVersion = 46;
	objects = {

/* Begin PBXBuildFile section */
		894BF1021C8C53E70013989E /* ConversionViewController.swift in Sources */ = {isa = PBXBuildFile; fileRef = 894BF1011C8C53E70013989E /* ConversionViewController.swift */; };
		894BF1041C8D980B0013989E /* MapViewController.swift in Sources */ = {isa = PBXBuildFile; fileRef = 894BF1031C8D980B0013989E /* MapViewController.swift */; };
		894BF1061C8DAD5D0013989E /* MapKit.framework in Frameworks */ = {isa = PBXBuildFile; fileRef = 894BF1051C8DAD5D0013989E /* MapKit.framework */; };
		894BF1081C8DB8160013989E /* WebViewController.swift in Sources */ = {isa = PBXBuildFile; fileRef = 894BF1071C8DB8160013989E /* WebViewController.swift */; };
		894BF10A1C8DB8600013989E /* WebKit.framework in Frameworks */ = {isa = PBXBuildFile; fileRef = 894BF1091C8DB8600013989E /* WebKit.framework */; };
		89693B0B1C93D52E004E3EF2 /* Localizable.strings in Resources */ = {isa = PBXBuildFile; fileRef = 89693B0D1C93D52E004E3EF2 /* Localizable.strings */; };
		89693B151C93D7C7004E3EF2 /* Localizable.strings in Resources */ = {isa = PBXBuildFile; fileRef = 89693B171C93D7C7004E3EF2 /* Localizable.strings */; };
		89B3CC091C8AF160005F07F2 /* AppDelegate.swift in Sources */ = {isa = PBXBuildFile; fileRef = 89B3CC081C8AF160005F07F2 /* AppDelegate.swift */; };
		89B3CC0B1C8AF160005F07F2 /* ViewController.swift in Sources */ = {isa = PBXBuildFile; fileRef = 89B3CC0A1C8AF160005F07F2 /* ViewController.swift */; };
		89B3CC0E1C8AF160005F07F2 /* Main.storyboard in Resources */ = {isa = PBXBuildFile; fileRef = 89B3CC0C1C8AF160005F07F2 /* Main.storyboard */; };
		89B3CC111C8AF160005F07F2 /* iOSGuide.xcdatamodeld in Sources */ = {isa = PBXBuildFile; fileRef = 89B3CC0F1C8AF160005F07F2 /* iOSGuide.xcdatamodeld */; };
		89B3CC131C8AF160005F07F2 /* Assets.xcassets in Resources */ = {isa = PBXBuildFile; fileRef = 89B3CC121C8AF160005F07F2 /* Assets.xcassets */; };
		89B3CC161C8AF160005F07F2 /* LaunchScreen.storyboard in Resources */ = {isa = PBXBuildFile; fileRef = 89B3CC141C8AF160005F07F2 /* LaunchScreen.storyboard */; };
		89B3CC211C8AF160005F07F2 /* iOSGuideTests.swift in Sources */ = {isa = PBXBuildFile; fileRef = 89B3CC201C8AF160005F07F2 /* iOSGuideTests.swift */; };
		89B3CC2C1C8AF161005F07F2 /* iOSGuideUITests.swift in Sources */ = {isa = PBXBuildFile; fileRef = 89B3CC2B1C8AF161005F07F2 /* iOSGuideUITests.swift */; };
		89BA13291C8B12D3001E5035 /* QuizViewController.swift in Sources */ = {isa = PBXBuildFile; fileRef = 89BA13281C8B12D3001E5035 /* QuizViewController.swift */; };
/* End PBXBuildFile section */

/* Begin PBXContainerItemProxy section */
		89B3CC1D1C8AF160005F07F2 /* PBXContainerItemProxy */ = {
			isa = PBXContainerItemProxy;
			containerPortal = 89B3CBFD1C8AF160005F07F2 /* Project object */;
			proxyType = 1;
			remoteGlobalIDString = 89B3CC041C8AF160005F07F2;
			remoteInfo = iOSGuide;
		};
		89B3CC281C8AF161005F07F2 /* PBXContainerItemProxy */ = {
			isa = PBXContainerItemProxy;
			containerPortal = 89B3CBFD1C8AF160005F07F2 /* Project object */;
			proxyType = 1;
			remoteGlobalIDString = 89B3CC041C8AF160005F07F2;
			remoteInfo = iOSGuide;
		};
/* End PBXContainerItemProxy section */

/* Begin PBXFileReference section */
		894BF1011C8C53E70013989E /* ConversionViewController.swift */ = {isa = PBXFileReference; fileEncoding = 4; lastKnownFileType = sourcecode.swift; path = ConversionViewController.swift; sourceTree = "<group>"; };
		894BF1031C8D980B0013989E /* MapViewController.swift */ = {isa = PBXFileReference; fileEncoding = 4; lastKnownFileType = sourcecode.swift; path = MapViewController.swift; sourceTree = "<group>"; };
		894BF1051C8DAD5D0013989E /* MapKit.framework */ = {isa = PBXFileReference; lastKnownFileType = wrapper.framework; name = MapKit.framework; path = System/Library/Frameworks/MapKit.framework; sourceTree = SDKROOT; };
		894BF1071C8DB8160013989E /* WebViewController.swift */ = {isa = PBXFileReference; fileEncoding = 4; lastKnownFileType = sourcecode.swift; path = WebViewController.swift; sourceTree = "<group>"; };
		894BF1091C8DB8600013989E /* WebKit.framework */ = {isa = PBXFileReference; lastKnownFileType = wrapper.framework; name = WebKit.framework; path = System/Library/Frameworks/WebKit.framework; sourceTree = SDKROOT; };
		89693B051C93CF8D004E3EF2 /* en */ = {isa = PBXFileReference; lastKnownFileType = text.plist.strings; name = en; path = en.lproj/Main.strings; sourceTree = "<group>"; };
		89693B071C93D13E004E3EF2 /* es */ = {isa = PBXFileReference; lastKnownFileType = text.plist.strings; name = es; path = es.lproj/Main.strings; sourceTree = "<group>"; };
		89693B081C93D238004E3EF2 /* zh-Hans */ = {isa = PBXFileReference; lastKnownFileType = text.plist.strings; name = "zh-Hans"; path = "zh-Hans.lproj/Main.strings"; sourceTree = "<group>"; };
		89693B0C1C93D52E004E3EF2 /* es */ = {isa = PBXFileReference; lastKnownFileType = text.plist.strings; name = es; path = es.lproj/Localizable.strings; sourceTree = "<group>"; };
		89693B161C93D7C7004E3EF2 /* zh-Hans */ = {isa = PBXFileReference; lastKnownFileType = text.plist.strings; name = "zh-Hans"; path = "zh-Hans.lproj/Localizable.strings"; sourceTree = "<group>"; };
		89B3CC051C8AF160005F07F2 /* iOSGuide.app */ = {isa = PBXFileReference; explicitFileType = wrapper.application; includeInIndex = 0; path = iOSGuide.app; sourceTree = BUILT_PRODUCTS_DIR; };
		89B3CC081C8AF160005F07F2 /* AppDelegate.swift */ = {isa = PBXFileReference; lastKnownFileType = sourcecode.swift; path = AppDelegate.swift; sourceTree = "<group>"; };
		89B3CC0A1C8AF160005F07F2 /* ViewController.swift */ = {isa = PBXFileReference; lastKnownFileType = sourcecode.swift; path = ViewController.swift; sourceTree = "<group>"; };
		89B3CC0D1C8AF160005F07F2 /* Base */ = {isa = PBXFileReference; lastKnownFileType = file.storyboard; name = Base; path = Base.lproj/Main.storyboard; sourceTree = "<group>"; };
		89B3CC101C8AF160005F07F2 /* iOSGuide.xcdatamodel */ = {isa = PBXFileReference; lastKnownFileType = wrapper.xcdatamodel; path = iOSGuide.xcdatamodel; sourceTree = "<group>"; };
		89B3CC121C8AF160005F07F2 /* Assets.xcassets */ = {isa = PBXFileReference; lastKnownFileType = folder.assetcatalog; path = Assets.xcassets; sourceTree = "<group>"; };
		89B3CC151C8AF160005F07F2 /* Base */ = {isa = PBXFileReference; lastKnownFileType = file.storyboard; name = Base; path = Base.lproj/LaunchScreen.storyboard; sourceTree = "<group>"; };
		89B3CC171C8AF160005F07F2 /* Info.plist */ = {isa = PBXFileReference; lastKnownFileType = text.plist.xml; path = Info.plist; sourceTree = "<group>"; };
		89B3CC1C1C8AF160005F07F2 /* iOSGuideTests.xctest */ = {isa = PBXFileReference; explicitFileType = wrapper.cfbundle; includeInIndex = 0; path = iOSGuideTests.xctest; sourceTree = BUILT_PRODUCTS_DIR; };
		89B3CC201C8AF160005F07F2 /* iOSGuideTests.swift */ = {isa = PBXFileReference; lastKnownFileType = sourcecode.swift; path = iOSGuideTests.swift; sourceTree = "<group>"; };
		89B3CC221C8AF160005F07F2 /* Info.plist */ = {isa = PBXFileReference; lastKnownFileType = text.plist.xml; path = Info.plist; sourceTree = "<group>"; };
		89B3CC271C8AF161005F07F2 /* iOSGuideUITests.xctest */ = {isa = PBXFileReference; explicitFileType = wrapper.cfbundle; includeInIndex = 0; path = iOSGuideUITests.xctest; sourceTree = BUILT_PRODUCTS_DIR; };
		89B3CC2B1C8AF161005F07F2 /* iOSGuideUITests.swift */ = {isa = PBXFileReference; lastKnownFileType = sourcecode.swift; path = iOSGuideUITests.swift; sourceTree = "<group>"; };
		89B3CC2D1C8AF161005F07F2 /* Info.plist */ = {isa = PBXFileReference; lastKnownFileType = text.plist.xml; path = Info.plist; sourceTree = "<group>"; };
		89BA13281C8B12D3001E5035 /* QuizViewController.swift */ = {isa = PBXFileReference; fileEncoding = 4; lastKnownFileType = sourcecode.swift; path = QuizViewController.swift; sourceTree = "<group>"; };
/* End PBXFileReference section */

/* Begin PBXFrameworksBuildPhase section */
		89B3CC021C8AF160005F07F2 /* Frameworks */ = {
			isa = PBXFrameworksBuildPhase;
			buildActionMask = 2147483647;
			files = (
				894BF10A1C8DB8600013989E /* WebKit.framework in Frameworks */,
				894BF1061C8DAD5D0013989E /* MapKit.framework in Frameworks */,
			);
			runOnlyForDeploymentPostprocessing = 0;
		};
		89B3CC191C8AF160005F07F2 /* Frameworks */ = {
			isa = PBXFrameworksBuildPhase;
			buildActionMask = 2147483647;
			files = (
			);
			runOnlyForDeploymentPostprocessing = 0;
		};
		89B3CC241C8AF161005F07F2 /* Frameworks */ = {
			isa = PBXFrameworksBuildPhase;
			buildActionMask = 2147483647;
			files = (
			);
			runOnlyForDeploymentPostprocessing = 0;
		};
/* End PBXFrameworksBuildPhase section */

/* Begin PBXGroup section */
		89B3CBFC1C8AF160005F07F2 = {
			isa = PBXGroup;
			children = (
				894BF1091C8DB8600013989E /* WebKit.framework */,
				894BF1051C8DAD5D0013989E /* MapKit.framework */,
				89B3CC071C8AF160005F07F2 /* iOSGuide */,
				89B3CC1F1C8AF160005F07F2 /* iOSGuideTests */,
				89B3CC2A1C8AF161005F07F2 /* iOSGuideUITests */,
				89B3CC061C8AF160005F07F2 /* Products */,
			);
			sourceTree = "<group>";
		};
		89B3CC061C8AF160005F07F2 /* Products */ = {
			isa = PBXGroup;
			children = (
				89B3CC051C8AF160005F07F2 /* iOSGuide.app */,
				89B3CC1C1C8AF160005F07F2 /* iOSGuideTests.xctest */,
				89B3CC271C8AF161005F07F2 /* iOSGuideUITests.xctest */,
			);
			name = Products;
			sourceTree = "<group>";
		};
		89B3CC071C8AF160005F07F2 /* iOSGuide */ = {
			isa = PBXGroup;
			children = (
				89B3CC081C8AF160005F07F2 /* AppDelegate.swift */,
				89B3CC0A1C8AF160005F07F2 /* ViewController.swift */,
				894BF1071C8DB8160013989E /* WebViewController.swift */,
				89B3CC0C1C8AF160005F07F2 /* Main.storyboard */,
				89693B171C93D7C7004E3EF2 /* Localizable.strings */,
				89693B0D1C93D52E004E3EF2 /* Localizable.strings */,
				894BF1031C8D980B0013989E /* MapViewController.swift */,
				894BF1011C8C53E70013989E /* ConversionViewController.swift */,
				89BA13281C8B12D3001E5035 /* QuizViewController.swift */,
				89B3CC121C8AF160005F07F2 /* Assets.xcassets */,
				89B3CC141C8AF160005F07F2 /* LaunchScreen.storyboard */,
				89B3CC171C8AF160005F07F2 /* Info.plist */,
				89B3CC0F1C8AF160005F07F2 /* iOSGuide.xcdatamodeld */,
			);
			path = iOSGuide;
			sourceTree = "<group>";
		};
		89B3CC1F1C8AF160005F07F2 /* iOSGuideTests */ = {
			isa = PBXGroup;
			children = (
				89B3CC201C8AF160005F07F2 /* iOSGuideTests.swift */,
				89B3CC221C8AF160005F07F2 /* Info.plist */,
			);
			path = iOSGuideTests;
			sourceTree = "<group>";
		};
		89B3CC2A1C8AF161005F07F2 /* iOSGuideUITests */ = {
			isa = PBXGroup;
			children = (
				89B3CC2B1C8AF161005F07F2 /* iOSGuideUITests.swift */,
				89B3CC2D1C8AF161005F07F2 /* Info.plist */,
			);
			path = iOSGuideUITests;
			sourceTree = "<group>";
		};
/* End PBXGroup section */

/* Begin PBXNativeTarget section */
		89B3CC041C8AF160005F07F2 /* iOSGuide */ = {
			isa = PBXNativeTarget;
			buildConfigurationList = 89B3CC301C8AF161005F07F2 /* Build configuration list for PBXNativeTarget "iOSGuide" */;
			buildPhases = (
				89B3CC011C8AF160005F07F2 /* Sources */,
				89B3CC021C8AF160005F07F2 /* Frameworks */,
				89B3CC031C8AF160005F07F2 /* Resources */,
			);
			buildRules = (
			);
			dependencies = (
			);
			name = iOSGuide;
			productName = iOSGuide;
			productReference = 89B3CC051C8AF160005F07F2 /* iOSGuide.app */;
			productType = "com.apple.product-type.application";
		};
		89B3CC1B1C8AF160005F07F2 /* iOSGuideTests */ = {
			isa = PBXNativeTarget;
			buildConfigurationList = 89B3CC331C8AF161005F07F2 /* Build configuration list for PBXNativeTarget "iOSGuideTests" */;
			buildPhases = (
				89B3CC181C8AF160005F07F2 /* Sources */,
				89B3CC191C8AF160005F07F2 /* Frameworks */,
				89B3CC1A1C8AF160005F07F2 /* Resources */,
			);
			buildRules = (
			);
			dependencies = (
				89B3CC1E1C8AF160005F07F2 /* PBXTargetDependency */,
			);
			name = iOSGuideTests;
			productName = iOSGuideTests;
			productReference = 89B3CC1C1C8AF160005F07F2 /* iOSGuideTests.xctest */;
			productType = "com.apple.product-type.bundle.unit-test";
		};
		89B3CC261C8AF161005F07F2 /* iOSGuideUITests */ = {
			isa = PBXNativeTarget;
			buildConfigurationList = 89B3CC361C8AF161005F07F2 /* Build configuration list for PBXNativeTarget "iOSGuideUITests" */;
			buildPhases = (
				89B3CC231C8AF161005F07F2 /* Sources */,
				89B3CC241C8AF161005F07F2 /* Frameworks */,
				89B3CC251C8AF161005F07F2 /* Resources */,
			);
			buildRules = (
			);
			dependencies = (
				89B3CC291C8AF161005F07F2 /* PBXTargetDependency */,
			);
			name = iOSGuideUITests;
			productName = iOSGuideUITests;
			productReference = 89B3CC271C8AF161005F07F2 /* iOSGuideUITests.xctest */;
			productType = "com.apple.product-type.bundle.ui-testing";
		};
/* End PBXNativeTarget section */

/* Begin PBXProject section */
		89B3CBFD1C8AF160005F07F2 /* Project object */ = {
			isa = PBXProject;
			attributes = {
				LastSwiftUpdateCheck = 0730;
				LastUpgradeCheck = 0730;
				ORGANIZATIONNAME = Howard;
				TargetAttributes = {
					89B3CC041C8AF160005F07F2 = {
						CreatedOnToolsVersion = 7.3;
					};
					89B3CC1B1C8AF160005F07F2 = {
						CreatedOnToolsVersion = 7.3;
						TestTargetID = 89B3CC041C8AF160005F07F2;
					};
					89B3CC261C8AF161005F07F2 = {
						CreatedOnToolsVersion = 7.3;
						TestTargetID = 89B3CC041C8AF160005F07F2;
					};
				};
			};
			buildConfigurationList = 89B3CC001C8AF160005F07F2 /* Build configuration list for PBXProject "iOSGuide" */;
			compatibilityVersion = "Xcode 3.2";
			developmentRegion = English;
			hasScannedForEncodings = 0;
			knownRegions = (
				en,
				Base,
			);
			mainGroup = 89B3CBFC1C8AF160005F07F2;
			productRefGroup = 89B3CC061C8AF160005F07F2 /* Products */;
			projectDirPath = "";
			projectRoot = "";
			targets = (
				89B3CC041C8AF160005F07F2 /* iOSGuide */,
				89B3CC1B1C8AF160005F07F2 /* iOSGuideTests */,
				89B3CC261C8AF161005F07F2 /* iOSGuideUITests */,
			);
		};
/* End PBXProject section */

/* Begin PBXResourcesBuildPhase section */
		89B3CC031C8AF160005F07F2 /* Resources */ = {
			isa = PBXResourcesBuildPhase;
			buildActionMask = 2147483647;
			files = (
				89693B151C93D7C7004E3EF2 /* Localizable.strings in Resources */,
				89B3CC161C8AF160005F07F2 /* LaunchScreen.storyboard in Resources */,
				89693B0B1C93D52E004E3EF2 /* Localizable.strings in Resources */,
				89B3CC131C8AF160005F07F2 /* Assets.xcassets in Resources */,
				89B3CC0E1C8AF160005F07F2 /* Main.storyboard in Resources */,
			);
			runOnlyForDeploymentPostprocessing = 0;
		};
		89B3CC1A1C8AF160005F07F2 /* Resources */ = {
			isa = PBXResourcesBuildPhase;
			buildActionMask = 2147483647;
			files = (
			);
			runOnlyForDeploymentPostprocessing = 0;
		};
		89B3CC251C8AF161005F07F2 /* Resources */ = {
			isa = PBXResourcesBuildPhase;
			buildActionMask = 2147483647;
			files = (
			);
			runOnlyForDeploymentPostprocessing = 0;
		};
/* End PBXResourcesBuildPhase section */

/* Begin PBXSourcesBuildPhase section */
		89B3CC011C8AF160005F07F2 /* Sources */ = {
			isa = PBXSourcesBuildPhase;
			buildActionMask = 2147483647;
			files = (
				89B3CC111C8AF160005F07F2 /* iOSGuide.xcdatamodeld in Sources */,
				894BF1041C8D980B0013989E /* MapViewController.swift in Sources */,
				894BF1021C8C53E70013989E /* ConversionViewController.swift in Sources */,
				89B3CC0B1C8AF160005F07F2 /* ViewController.swift in Sources */,
				894BF1081C8DB8160013989E /* WebViewController.swift in Sources */,
				89B3CC091C8AF160005F07F2 /* AppDelegate.swift in Sources */,
				89BA13291C8B12D3001E5035 /* QuizViewController.swift in Sources */,
			);
			runOnlyForDeploymentPostprocessing = 0;
		};
		89B3CC181C8AF160005F07F2 /* Sources */ = {
			isa = PBXSourcesBuildPhase;
			buildActionMask = 2147483647;
			files = (
				89B3CC211C8AF160005F07F2 /* iOSGuideTests.swift in Sources */,
			);
			runOnlyForDeploymentPostprocessing = 0;
		};
		89B3CC231C8AF161005F07F2 /* Sources */ = {
			isa = PBXSourcesBuildPhase;
			buildActionMask = 2147483647;
			files = (
				89B3CC2C1C8AF161005F07F2 /* iOSGuideUITests.swift in Sources */,
			);
			runOnlyForDeploymentPostprocessing = 0;
		};
/* End PBXSourcesBuildPhase section */

/* Begin PBXTargetDependency section */
		89B3CC1E1C8AF160005F07F2 /* PBXTargetDependency */ = {
			isa = PBXTargetDependency;
			target = 89B3CC041C8AF160005F07F2 /* iOSGuide */;
			targetProxy = 89B3CC1D1C8AF160005F07F2 /* PBXContainerItemProxy */;
		};
		89B3CC291C8AF161005F07F2 /* PBXTargetDependency */ = {
			isa = PBXTargetDependency;
			target = 89B3CC041C8AF160005F07F2 /* iOSGuide */;
			targetProxy = 89B3CC281C8AF161005F07F2 /* PBXContainerItemProxy */;
		};
/* End PBXTargetDependency section */

/* Begin PBXVariantGroup section */
		89693B0D1C93D52E004E3EF2 /* Localizable.strings */ = {
			isa = PBXVariantGroup;
			children = (
				89693B0C1C93D52E004E3EF2 /* es */,
			);
			name = Localizable.strings;
			sourceTree = "<group>";
		};
		89693B171C93D7C7004E3EF2 /* Localizable.strings */ = {
			isa = PBXVariantGroup;
			children = (
				89693B161C93D7C7004E3EF2 /* zh-Hans */,
			);
			name = Localizable.strings;
			sourceTree = "<group>";
		};
		89B3CC0C1C8AF160005F07F2 /* Main.storyboard */ = {
			isa = PBXVariantGroup;
			children = (
				89B3CC0D1C8AF160005F07F2 /* Base */,
				89693B051C93CF8D004E3EF2 /* en */,
				89693B071C93D13E004E3EF2 /* es */,
				89693B081C93D238004E3EF2 /* zh-Hans */,
			);
			name = Main.storyboard;
			sourceTree = "<group>";
		};
		89B3CC141C8AF160005F07F2 /* LaunchScreen.storyboard */ = {
			isa = PBXVariantGroup;
			children = (
				89B3CC151C8AF160005F07F2 /* Base */,
			);
			name = LaunchScreen.storyboard;
			sourceTree = "<group>";
		};
/* End PBXVariantGroup section */

/* Begin XCBuildConfiguration section */
		89B3CC2E1C8AF161005F07F2 /* Debug */ = {
			isa = XCBuildConfiguration;
			buildSettings = {
				ALWAYS_SEARCH_USER_PATHS = NO;
				CLANG_CXX_LANGUAGE_STANDARD = "gnu++0x";
				CLANG_CXX_LIBRARY = "libc++";
				CLANG_ENABLE_MODULES = YES;
				CLANG_ENABLE_OBJC_ARC = YES;
				CLANG_WARN_BOOL_CONVERSION = YES;
				CLANG_WARN_CONSTANT_CONVERSION = YES;
				CLANG_WARN_DIRECT_OBJC_ISA_USAGE = YES_ERROR;
				CLANG_WARN_EMPTY_BODY = YES;
				CLANG_WARN_ENUM_CONVERSION = YES;
				CLANG_WARN_INT_CONVERSION = YES;
				CLANG_WARN_OBJC_ROOT_CLASS = YES_ERROR;
				CLANG_WARN_UNREACHABLE_CODE = YES;
				CLANG_WARN__DUPLICATE_METHOD_MATCH = YES;
				"CODE_SIGN_IDENTITY[sdk=iphoneos*]" = "iPhone Developer";
				COPY_PHASE_STRIP = NO;
				DEBUG_INFORMATION_FORMAT = dwarf;
				ENABLE_STRICT_OBJC_MSGSEND = YES;
				ENABLE_TESTABILITY = YES;
				GCC_C_LANGUAGE_STANDARD = gnu99;
				GCC_DYNAMIC_NO_PIC = NO;
				GCC_NO_COMMON_BLOCKS = YES;
				GCC_OPTIMIZATION_LEVEL = 0;
				GCC_PREPROCESSOR_DEFINITIONS = (
					"DEBUG=1",
					"$(inherited)",
				);
				GCC_WARN_64_TO_32_BIT_CONVERSION = YES;
				GCC_WARN_ABOUT_RETURN_TYPE = YES_ERROR;
				GCC_WARN_UNDECLARED_SELECTOR = YES;
				GCC_WARN_UNINITIALIZED_AUTOS = YES_AGGRESSIVE;
				GCC_WARN_UNUSED_FUNCTION = YES;
				GCC_WARN_UNUSED_VARIABLE = YES;
				IPHONEOS_DEPLOYMENT_TARGET = 9.3;
				MTL_ENABLE_DEBUG_INFO = YES;
				ONLY_ACTIVE_ARCH = YES;
				SDKROOT = iphoneos;
				SWIFT_OPTIMIZATION_LEVEL = "-Onone";
				TARGETED_DEVICE_FAMILY = "1,2";
			};
			name = Debug;
		};
		89B3CC2F1C8AF161005F07F2 /* Release */ = {
			isa = XCBuildConfiguration;
			buildSettings = {
				ALWAYS_SEARCH_USER_PATHS = NO;
				CLANG_CXX_LANGUAGE_STANDARD = "gnu++0x";
				CLANG_CXX_LIBRARY = "libc++";
				CLANG_ENABLE_MODULES = YES;
				CLANG_ENABLE_OBJC_ARC = YES;
				CLANG_WARN_BOOL_CONVERSION = YES;
				CLANG_WARN_CONSTANT_CONVERSION = YES;
				CLANG_WARN_DIRECT_OBJC_ISA_USAGE = YES_ERROR;
				CLANG_WARN_EMPTY_BODY = YES;
				CLANG_WARN_ENUM_CONVERSION = YES;
				CLANG_WARN_INT_CONVERSION = YES;
				CLANG_WARN_OBJC_ROOT_CLASS = YES_ERROR;
				CLANG_WARN_UNREACHABLE_CODE = YES;
				CLANG_WARN__DUPLICATE_METHOD_MATCH = YES;
				"CODE_SIGN_IDENTITY[sdk=iphoneos*]" = "iPhone Developer";
				COPY_PHASE_STRIP = NO;
				DEBUG_INFORMATION_FORMAT = "dwarf-with-dsym";
				ENABLE_NS_ASSERTIONS = NO;
				ENABLE_STRICT_OBJC_MSGSEND = YES;
				GCC_C_LANGUAGE_STANDARD = gnu99;
				GCC_NO_COMMON_BLOCKS = YES;
				GCC_WARN_64_TO_32_BIT_CONVERSION = YES;
				GCC_WARN_ABOUT_RETURN_TYPE = YES_ERROR;
				GCC_WARN_UNDECLARED_SELECTOR = YES;
				GCC_WARN_UNINITIALIZED_AUTOS = YES_AGGRESSIVE;
				GCC_WARN_UNUSED_FUNCTION = YES;
				GCC_WARN_UNUSED_VARIABLE = YES;
				IPHONEOS_DEPLOYMENT_TARGET = 9.3;
				MTL_ENABLE_DEBUG_INFO = NO;
				SDKROOT = iphoneos;
				TARGETED_DEVICE_FAMILY = "1,2";
				VALIDATE_PRODUCT = YES;
			};
			name = Release;
		};
		89B3CC311C8AF161005F07F2 /* Debug */ = {
			isa = XCBuildConfiguration;
			buildSettings = {
				ASSETCATALOG_COMPILER_APPICON_NAME = AppIcon;
				INFOPLIST_FILE = iOSGuide/Info.plist;
				LD_RUNPATH_SEARCH_PATHS = "$(inherited) @executable_path/Frameworks";
				PRODUCT_BUNDLE_IDENTIFIER = com.self.Hoooward.iOSGuide;
				PRODUCT_NAME = "$(TARGET_NAME)";
			};
			name = Debug;
		};
		89B3CC321C8AF161005F07F2 /* Release */ = {
			isa = XCBuildConfiguration;
			buildSettings = {
				ASSETCATALOG_COMPILER_APPICON_NAME = AppIcon;
				INFOPLIST_FILE = iOSGuide/Info.plist;
				LD_RUNPATH_SEARCH_PATHS = "$(inherited) @executable_path/Frameworks";
				PRODUCT_BUNDLE_IDENTIFIER = com.self.Hoooward.iOSGuide;
				PRODUCT_NAME = "$(TARGET_NAME)";
			};
			name = Release;
		};
		89B3CC341C8AF161005F07F2 /* Debug */ = {
			isa = XCBuildConfiguration;
			buildSettings = {
				BUNDLE_LOADER = "$(TEST_HOST)";
				INFOPLIST_FILE = iOSGuideTests/Info.plist;
				LD_RUNPATH_SEARCH_PATHS = "$(inherited) @executable_path/Frameworks @loader_path/Frameworks";
				PRODUCT_BUNDLE_IDENTIFIER = com.self.Hoooward.iOSGuideTests;
				PRODUCT_NAME = "$(TARGET_NAME)";
				TEST_HOST = "$(BUILT_PRODUCTS_DIR)/iOSGuide.app/iOSGuide";
			};
			name = Debug;
		};
		89B3CC351C8AF161005F07F2 /* Release */ = {
			isa = XCBuildConfiguration;
			buildSettings = {
				BUNDLE_LOADER = "$(TEST_HOST)";
				INFOPLIST_FILE = iOSGuideTests/Info.plist;
				LD_RUNPATH_SEARCH_PATHS = "$(inherited) @executable_path/Frameworks @loader_path/Frameworks";
				PRODUCT_BUNDLE_IDENTIFIER = com.self.Hoooward.iOSGuideTests;
				PRODUCT_NAME = "$(TARGET_NAME)";
				TEST_HOST = "$(BUILT_PRODUCTS_DIR)/iOSGuide.app/iOSGuide";
			};
			name = Release;
		};
		89B3CC371C8AF161005F07F2 /* Debug */ = {
			isa = XCBuildConfiguration;
			buildSettings = {
				INFOPLIST_FILE = iOSGuideUITests/Info.plist;
				LD_RUNPATH_SEARCH_PATHS = "$(inherited) @executable_path/Frameworks @loader_path/Frameworks";
				PRODUCT_BUNDLE_IDENTIFIER = com.self.Hoooward.iOSGuideUITests;
				PRODUCT_NAME = "$(TARGET_NAME)";
				TEST_TARGET_NAME = iOSGuide;
			};
			name = Debug;
		};
		89B3CC381C8AF161005F07F2 /* Release */ = {
			isa = XCBuildConfiguration;
			buildSettings = {
				INFOPLIST_FILE = iOSGuideUITests/Info.plist;
				LD_RUNPATH_SEARCH_PATHS = "$(inherited) @executable_path/Frameworks @loader_path/Frameworks";
				PRODUCT_BUNDLE_IDENTIFIER = com.self.Hoooward.iOSGuideUITests;
				PRODUCT_NAME = "$(TARGET_NAME)";
				TEST_TARGET_NAME = iOSGuide;
			};
			name = Release;
		};
/* End XCBuildConfiguration section */

/* Begin XCConfigurationList section */
		89B3CC001C8AF160005F07F2 /* Build configuration list for PBXProject "iOSGuide" */ = {
			isa = XCConfigurationList;
			buildConfigurations = (
				89B3CC2E1C8AF161005F07F2 /* Debug */,
				89B3CC2F1C8AF161005F07F2 /* Release */,
			);
			defaultConfigurationIsVisible = 0;
			defaultConfigurationName = Release;
		};
		89B3CC301C8AF161005F07F2 /* Build configuration list for PBXNativeTarget "iOSGuide" */ = {
			isa = XCConfigurationList;
			buildConfigurations = (
				89B3CC311C8AF161005F07F2 /* Debug */,
				89B3CC321C8AF161005F07F2 /* Release */,
			);
			defaultConfigurationIsVisible = 0;
			defaultConfigurationName = Release;
		};
		89B3CC331C8AF161005F07F2 /* Build configuration list for PBXNativeTarget "iOSGuideTests" */ = {
			isa = XCConfigurationList;
			buildConfigurations = (
				89B3CC341C8AF161005F07F2 /* Debug */,
				89B3CC351C8AF161005F07F2 /* Release */,
			);
			defaultConfigurationIsVisible = 0;
			defaultConfigurationName = Release;
		};
		89B3CC361C8AF161005F07F2 /* Build configuration list for PBXNativeTarget "iOSGuideUITests" */ = {
			isa = XCConfigurationList;
			buildConfigurations = (
				89B3CC371C8AF161005F07F2 /* Debug */,
				89B3CC381C8AF161005F07F2 /* Release */,
			);
			defaultConfigurationIsVisible = 0;
			defaultConfigurationName = Release;
		};
/* End XCConfigurationList section */

/* Begin XCVersionGroup section */
		89B3CC0F1C8AF160005F07F2 /* iOSGuide.xcdatamodeld */ = {
			isa = XCVersionGroup;
			children = (
				89B3CC101C8AF160005F07F2 /* iOSGuide.xcdatamodel */,
			);
			currentVersion = 89B3CC101C8AF160005F07F2 /* iOSGuide.xcdatamodel */;
			path = iOSGuide.xcdatamodeld;
			sourceTree = "<group>";
			versionGroupType = wrapper.xcdatamodel;
		};
/* End XCVersionGroup section */
	};
	rootObject = 89B3CBFD1C8AF160005F07F2 /* Project object */;
}
